
Microsoft Visual Studio Solution File, Format Version 12.00
# Visual Studio Version 17
VisualStudioVersion = 17.10.35122.118
MinimumVisualStudioVersion = 10.0.40219.1
Project("{FAE04EC0-301F-11D3-BF4B-00C04F79EFBC}") = "PapelariaAPI", "PapelariaAPI.csproj", "{582BB9A1-E467-43A5-A05C-61DCC8C507FF}"
EndProject
Global
	GlobalSection(SolutionConfigurationPlatforms) = preSolution
		Debug|Any CPU = Debug|Any CPU
		Release|Any CPU = Release|Any CPU
	EndGlobalSection
	GlobalSection(ProjectConfigurationPlatforms) = postSolution
		{582BB9A1-E467-43A5-A05C-61DCC8C507FF}.Debug|Any CPU.ActiveCfg = Debug|Any CPU
		{582BB9A1-E467-43A5-A05C-61DCC8C507FF}.Debug|Any CPU.Build.0 = Debug|Any CPU
		{582BB9A1-E467-43A5-A05C-61DCC8C507FF}.Release|Any CPU.ActiveCfg = Release|Any CPU
		{582BB9A1-E467-43A5-A05C-61DCC8C507FF}.Release|Any CPU.Build.0 = Release|Any CPU
	EndGlobalSection
	GlobalSection(SolutionProperties) = preSolution
		HideSolutionNode = FALSE
	EndGlobalSection
	GlobalSection(ExtensibilityGlobals) = postSolution
		SolutionGuid = {52C9BDE3-2DEA-43CF-A29D-7540BDD04F13}
	EndGlobalSection
EndGlobal
